
Microsoft Visual Studio Solution File, Format Version 12.00
# Visual Studio Version 17
VisualStudioVersion = 17.2.32519.379
MinimumVisualStudioVersion = 10.0.40219.1
Project("{FAE04EC0-301F-11D3-BF4B-00C04F79EFBC}") = "TestProject1", "TestProject1.csproj", "{EE06B863-1753-4A76-AE1D-FEAA72DD1BFE}"
EndProject
Global
	GlobalSection(SolutionConfigurationPlatforms) = preSolution
		Debug|Any CPU = Debug|Any CPU
		Release|Any CPU = Release|Any CPU
	EndGlobalSection
	GlobalSection(ProjectConfigurationPlatforms) = postSolution
		{EE06B863-1753-4A76-AE1D-FEAA72DD1BFE}.Debug|Any CPU.ActiveCfg = Debug|Any CPU
		{EE06B863-1753-4A76-AE1D-FEAA72DD1BFE}.Debug|Any CPU.Build.0 = Debug|Any CPU
		{EE06B863-1753-4A76-AE1D-FEAA72DD1BFE}.Release|Any CPU.ActiveCfg = Release|Any CPU
		{EE06B863-1753-4A76-AE1D-FEAA72DD1BFE}.Release|Any CPU.Build.0 = Release|Any CPU
	EndGlobalSection
	GlobalSection(SolutionProperties) = preSolution
		HideSolutionNode = FALSE
	EndGlobalSection
	GlobalSection(ExtensibilityGlobals) = postSolution
		SolutionGuid = {ABCF3457-62B7-49E2-BB0C-C1952EA9836C}
	EndGlobalSection
EndGlobal
